<?xml version="1.0" encoding="utf-8"?>
<Project ToolsVersion="4.0" xmlns="http://schemas.microsoft.com/developer/msbuild/2003">
  <ItemGroup>
    <Filter Include="Source Files">
      <UniqueIdentifier>{4FC737F1-C7A5-4376-A066-2A32D752A2FF}</UniqueIdentifier>
      <Extensions>cpp;c;cc;cxx;def;odl;idl;hpj;bat;asm;asmx</Extensions>
    </Filter>
    <Filter Include="Header Files">
      <UniqueIdentifier>{93995380-89BD-4b04-88EB-625FBE52EBFB}</UniqueIdentifier>
      <Extensions>h;hh;hpp;hxx;hm;inl;inc;xsd</Extensions>
    </Filter>
    <Filter Include="Resource Files">
      <UniqueIdentifier>{67DA6AB6-F800-4c08-8B7A-83BB121AAD01}</UniqueIdentifier>
      <Extensions>rc;ico;cur;bmp;dlg;rc2;rct;bin;rgs;gif;jpg;jpeg;jpe;resx;tiff;tif;png;wav;mfcribbon-ms</Extensions>
    </Filter>
    <Filter Include="Form Files">
      <UniqueIdentifier>{99349809-55BA-4b9d-BF79-8FDBB0286EB3}</UniqueIdentifier>
      <Extensions>ui</Extensions>
    </Filter>
    <Filter Include="Resource Files">
      <UniqueIdentifier>{D9D6E242-F8AF-46E4-B9FD-80ECBC20BA3E}</UniqueIdentifier>
      <Extensions>qrc;*</Extensions>
      <ParseFiles>false</ParseFiles>
    </Filter>
  </ItemGroup>
  <ItemGroup>
    <ClCompile Include="main.cpp">
      <Filter>Source Files</Filter>
    </ClCompile>
    <ClCompile Include="Algorithm\CubeExplorer.cpp">
      <Filter>Source Files</Filter>
    </ClCompile>
    <ClCompile Include="Algorithm\CubeExplorerSPFA.cpp">
      <Filter>Source Files</Filter>
    </ClCompile>
    <ClCompile Include="Algorithm\CubePoseTransformer.cpp">
      <Filter>Source Files</Filter>
    </ClCompile>
    <ClCompile Include="Algorithm\CubeRecognizer.cpp">
      <Filter>Source Files</Filter>
    </ClCompile>
    <ClCompile Include="Algorithm\MultiSolver.cpp">
      <Filter>Source Files</Filter>
    </ClCompile>
    <ClCompile Include="Algorithm\threadSafeKociemba.cpp">
      <Filter>Source Files</Filter>
    </ClCompile>
    <ClCompile Include="Mainbody\DataSheetWidget.cpp">
      <Filter>Source Files</Filter>
    </ClCompile>
    <ClCompile Include="Mainbody\DebugWidget.cpp">
      <Filter>Source Files</Filter>
    </ClCompile>
    <ClCompile Include="Mainbody\HSVDataDialog.cpp">
      <Filter>Source Files</Filter>
    </ClCompile>
    <ClCompile Include="Mainbody\HSVThresholdDialog.cpp">
      <Filter>Source Files</Filter>
    </ClCompile>
    <ClCompile Include="Mainbody\LastSampleDialog.cpp">
      <Filter>Source Files</Filter>
    </ClCompile>
    <ClCompile Include="Mainbody\QMyGraphicsView.cpp">
      <Filter>Source Files</Filter>
    </ClCompile>
    <ClCompile Include="Mainbody\RecogAreaDialog.cpp">
      <Filter>Source Files</Filter>
    </ClCompile>
    <ClCompile Include="qtWindows\qrc_CubicExplorerWithQt.cpp">
      <Filter>Source Files</Filter>
    </ClCompile>
    <ClCompile Include="Kociemba\coordcube.c">
      <Filter>Source Files</Filter>
    </ClCompile>
    <ClCompile Include="Kociemba\cubiecube.c">
      <Filter>Source Files</Filter>
    </ClCompile>
    <ClCompile Include="Kociemba\facecube.c">
      <Filter>Source Files</Filter>
    </ClCompile>
    <ClCompile Include="Kociemba\prunetable_helpers.c">
      <Filter>Source Files</Filter>
    </ClCompile>
    <ClCompile Include="Kociemba\search.c">
      <Filter>Source Files</Filter>
    </ClCompile>
    <ClCompile Include="Kociemba\solve.c">
      <Filter>Source Files</Filter>
    </ClCompile>
    <ClCompile Include="Mainbody\CubeExplorerWithQt.cpp">
      <Filter>Source Files</Filter>
    </ClCompile>
    <ClCompile Include="Mainbody\HSVCorrectionDialog.cpp">
      <Filter>Source Files</Filter>
    </ClCompile>
    <ClCompile Include="Algorithm\MyThread.cpp">
      <Filter>Source Files</Filter>
    </ClCompile>
  </ItemGroup>
  <ItemGroup>
    <ClInclude Include="Algorithm\CubeExplorer.h">
      <Filter>Header Files</Filter>
    </ClInclude>
    <ClInclude Include="Algorithm\CubeExplorerSPFA.h">
      <Filter>Header Files</Filter>
    </ClInclude>
    <ClInclude Include="Algorithm\CubePoseTransformer.h">
      <Filter>Header Files</Filter>
    </ClInclude>
    <ClInclude Include="Algorithm\CubeRecognizer.h">
      <Filter>Header Files</Filter>
    </ClInclude>
    <ClInclude Include="Algorithm\threadSafeKociemba.h">
      <Filter>Header Files</Filter>
    </ClInclude>
    <ClInclude Include="Mainbody\MyTimer.h">
      <Filter>Header Files</Filter>
    </ClInclude>
    <ClInclude Include="Kociemba\color.h">
      <Filter>Header Files</Filter>
    </ClInclude>
    <ClInclude Include="Kociemba\coordcube.h">
      <Filter>Header Files</Filter>
    </ClInclude>
    <ClInclude Include="Kociemba\corner.h">
      <Filter>Header Files</Filter>
    </ClInclude>
    <ClInclude Include="Kociemba\cubiecube.h">
      <Filter>Header Files</Filter>
    </ClInclude>
    <ClInclude Include="Kociemba\edge.h">
      <Filter>Header Files</Filter>
    </ClInclude>
    <ClInclude Include="Kociemba\facecube.h">
      <Filter>Header Files</Filter>
    </ClInclude>
    <ClInclude Include="Kociemba\facelet.h">
      <Filter>Header Files</Filter>
    </ClInclude>
    <ClInclude Include="Kociemba\prunetable_helpers.h">
      <Filter>Header Files</Filter>
    </ClInclude>
    <ClInclude Include="Kociemba\search.h">
      <Filter>Header Files</Filter>
    </ClInclude>
    <ClInclude Include="Kociemba\solve.h">
      <Filter>Header Files</Filter>
    </ClInclude>
    <ClInclude Include="GeneratedFiles\ui_CubicExplorerWithQt.h">
      <Filter>Header Files</Filter>
    </ClInclude>
    <ClInclude Include="GeneratedFiles\ui_DataSheetWidget.h">
      <Filter>Header Files</Filter>
    </ClInclude>
    <ClInclude Include="GeneratedFiles\ui_DebugWidget.h">
      <Filter>Header Files</Filter>
    </ClInclude>
    <ClInclude Include="GeneratedFiles\ui_HSVDataDialog.h">
      <Filter>Header Files</Filter>
    </ClInclude>
    <ClInclude Include="GeneratedFiles\ui_HSVThresholdDialog.h">
      <Filter>Header Files</Filter>
    </ClInclude>
    <ClInclude Include="GeneratedFiles\ui_LastSampleDialog.h">
      <Filter>Header Files</Filter>
    </ClInclude>
    <ClInclude Include="GeneratedFiles\ui_RecogAreaDialog.h">
      <Filter>Header Files</Filter>
    </ClInclude>
    <ClInclude Include="GeneratedFiles\ui_HSVCorrectionDialog.h">
      <Filter>Header Files</Filter>
    </ClInclude>
  </ItemGroup>
  <ItemGroup>
    <QtMoc Include="Mainbody\CubeExplorerWithQt.h">
      <Filter>Header Files</Filter>
    </QtMoc>
    <QtMoc Include="Mainbody\DataSheetWidget.h">
      <Filter>Header Files</Filter>
    </QtMoc>
    <QtMoc Include="Mainbody\DebugWidget.h">
      <Filter>Header Files</Filter>
    </QtMoc>
    <QtMoc Include="Mainbody\HSVDataDialog.h">
      <Filter>Header Files</Filter>
    </QtMoc>
    <QtMoc Include="Mainbody\HSVThresholdDialog.h">
      <Filter>Header Files</Filter>
    </QtMoc>
    <QtMoc Include="Mainbody\LastSampleDialog.h">
      <Filter>Header Files</Filter>
    </QtMoc>
    <QtMoc Include="Mainbody\QMyGraphicsView.h">
      <Filter>Header Files</Filter>
    </QtMoc>
    <QtMoc Include="Mainbody\RecogAreaDialog.h">
      <Filter>Header Files</Filter>
    </QtMoc>
    <QtMoc Include="Mainbody\HSVCorrectionDialog.h">
      <Filter>Header Files</Filter>
    </QtMoc>
    <QtMoc Include="Algorithm\MyThread.h">
      <Filter>Header Files</Filter>
    </QtMoc>
    <QtMoc Include="Algorithm\MultiSolver.h">
      <Filter>Header Files</Filter>
    </QtMoc>
  </ItemGroup>
  <ItemGroup>
    <QtUic Include="qtWindows\CubicExplorerWithQt.ui">
      <Filter>Form Files</Filter>
    </QtUic>
    <QtUic Include="qtWindows\DataSheetWidget.ui">
      <Filter>Form Files</Filter>
    </QtUic>
    <QtUic Include="qtWindows\DebugWidget.ui">
      <Filter>Form Files</Filter>
    </QtUic>
    <QtUic Include="qtWindows\HSVDataDialog.ui">
      <Filter>Form Files</Filter>
    </QtUic>
    <QtUic Include="qtWindows\HSVThresholdDialog.ui">
      <Filter>Form Files</Filter>
    </QtUic>
    <QtUic Include="qtWindows\LastSampleDialog.ui">
      <Filter>Form Files</Filter>
    </QtUic>
    <QtUic Include="qtWindows\RecogAreaDialog.ui">
      <Filter>Form Files</Filter>
    </QtUic>
    <QtUic Include="qtWindows\HSVCorrectionDialog.ui">
      <Filter>Form Files</Filter>
    </QtUic>
  </ItemGroup>
</Project>